
Microsoft Visual Studio Solution File, Format Version 12.00
# Visual Studio Version 16
VisualStudioVersion = 16.0.31727.386
MinimumVisualStudioVersion = 10.0.40219.1
Project("{FAE04EC0-301F-11D3-BF4B-00C04F79EFBC}") = "SalarioMedio", "SalarioMedio\SalarioMedio.csproj", "{2CBBBF60-87F2-4DE3-9A98-5347363F483A}"
EndProject
Global
	GlobalSection(SolutionConfigurationPlatforms) = preSolution
		Debug|Any CPU = Debug|Any CPU
		Release|Any CPU = Release|Any CPU
	EndGlobalSection
	GlobalSection(ProjectConfigurationPlatforms) = postSolution
		{2CBBBF60-87F2-4DE3-9A98-5347363F483A}.Debug|Any CPU.ActiveCfg = Debug|Any CPU
		{2CBBBF60-87F2-4DE3-9A98-5347363F483A}.Debug|Any CPU.Build.0 = Debug|Any CPU
		{2CBBBF60-87F2-4DE3-9A98-5347363F483A}.Release|Any CPU.ActiveCfg = Release|Any CPU
		{2CBBBF60-87F2-4DE3-9A98-5347363F483A}.Release|Any CPU.Build.0 = Release|Any CPU
	EndGlobalSection
	GlobalSection(SolutionProperties) = preSolution
		HideSolutionNode = FALSE
	EndGlobalSection
	GlobalSection(ExtensibilityGlobals) = postSolution
		SolutionGuid = {5A6F27F8-8134-44F5-8AEE-A639618DCF1E}
	EndGlobalSection
EndGlobal
